{
  "name": "miniprogram-web",
  "version": "1.0.0",
  "lockfileVersion": 3,
  "requires": true,
  "packages": {
    "": {
      "name": "miniprogram-web",
      "version": "1.0.0",
      "license": "ISC",
      "dependencies": {
        "@vant/weapp": "^1.11.7",
        "miniprogram-sm-crypto": "^0.4.0"
      }
    },
    "node_modules/@vant/weapp": {
      "version": "1.11.7",
      "resolved": "https://registry.npmjs.org/@vant/weapp/-/weapp-1.11.7.tgz",
      "integrity": "sha512-Rwn9BBnb4kHSV4XmvBicwtd42J+amEUfnFDcXJsGNPNX4a9c/DoT6YLsm4X1wB2+sQbdiQsbFBLAvGRBxCkD8g==",
      "license": "MIT"
    },
    "node_modules/jsbn": {
      "version": "1.1.0",
      "resolved": "https://registry.npmjs.org/jsbn/-/jsbn-1.1.0.tgz",
      "integrity": "sha512-4bYVV3aAMtDTTu4+xsDYa6sy9GyJ69/amsu9sYF2zqjiEoZA5xJi3BrfX3uY+/IekIu7MwdObdbDWpoZdBv3/A==",
      "license": "MIT"
    },
    "node_modules/miniprogram-sm-crypto": {
      "version": "0.4.0",
      "resolved": "https://registry.npmjs.org/miniprogram-sm-crypto/-/miniprogram-sm-crypto-0.4.0.tgz",
      "integrity": "sha512-MN+cCQGn2QPAISYoQojB1bDmZ3p7lhE6UdK8uPL9bap/LuAdUqFk8PzZSfUAwHBY675EQxZfMV3BPckoqBsxRA==",
      "license": "MIT",
      "dependencies": {
        "jsbn": "^1.1.0"
      }
    }
  }
}
